
Microsoft Visual Studio Solution File, Format Version 12.00
# Visual Studio Version 17
VisualStudioVersion = 17.8.34309.116
MinimumVisualStudioVersion = 10.0.40219.1
Project("{FAE04EC0-301F-11D3-BF4B-00C04F79EFBC}") = "CEUSAN_ALIN_LAB1", "CEUSAN_ALIN_LAB1.csproj", "{2BA9601A-5940-4F49-B6C8-5858CD3EB197}"
EndProject
Global
	GlobalSection(SolutionConfigurationPlatforms) = preSolution
		Debug|Any CPU = Debug|Any CPU
		Release|Any CPU = Release|Any CPU
	EndGlobalSection
	GlobalSection(ProjectConfigurationPlatforms) = postSolution
		{2BA9601A-5940-4F49-B6C8-5858CD3EB197}.Debug|Any CPU.ActiveCfg = Debug|Any CPU
		{2BA9601A-5940-4F49-B6C8-5858CD3EB197}.Debug|Any CPU.Build.0 = Debug|Any CPU
		{2BA9601A-5940-4F49-B6C8-5858CD3EB197}.Release|Any CPU.ActiveCfg = Release|Any CPU
		{2BA9601A-5940-4F49-B6C8-5858CD3EB197}.Release|Any CPU.Build.0 = Release|Any CPU
	EndGlobalSection
	GlobalSection(SolutionProperties) = preSolution
		HideSolutionNode = FALSE
	EndGlobalSection
	GlobalSection(ExtensibilityGlobals) = postSolution
		SolutionGuid = {05F2A378-EAAE-436F-8793-33817F1DE56D}
	EndGlobalSection
EndGlobal
